
Microsoft Visual Studio Solution File, Format Version 12.00
# Visual Studio Version 17
VisualStudioVersion = 17.3.32929.385
MinimumVisualStudioVersion = 10.0.40219.1
Project("{FAE04EC0-301F-11D3-BF4B-00C04F79EFBC}") = "TravelTripProje", "TravelTripProje\TravelTripProje.csproj", "{1F20F6E6-58DB-4D70-BA5F-5F16AAFA442B}"
EndProject
Global
	GlobalSection(SolutionConfigurationPlatforms) = preSolution
		Debug|Any CPU = Debug|Any CPU
		Release|Any CPU = Release|Any CPU
	EndGlobalSection
	GlobalSection(ProjectConfigurationPlatforms) = postSolution
		{1F20F6E6-58DB-4D70-BA5F-5F16AAFA442B}.Debug|Any CPU.ActiveCfg = Debug|Any CPU
		{1F20F6E6-58DB-4D70-BA5F-5F16AAFA442B}.Debug|Any CPU.Build.0 = Debug|Any CPU
		{1F20F6E6-58DB-4D70-BA5F-5F16AAFA442B}.Release|Any CPU.ActiveCfg = Release|Any CPU
		{1F20F6E6-58DB-4D70-BA5F-5F16AAFA442B}.Release|Any CPU.Build.0 = Release|Any CPU
	EndGlobalSection
	GlobalSection(SolutionProperties) = preSolution
		HideSolutionNode = FALSE
	EndGlobalSection
	GlobalSection(ExtensibilityGlobals) = postSolution
		SolutionGuid = {D6FCFA3B-A3CF-4B6F-80DD-656C2385436D}
	EndGlobalSection
EndGlobal
